
Microsoft Visual Studio Solution File, Format Version 12.00
# Visual Studio Version 16
VisualStudioVersion = 16.0.31025.194
MinimumVisualStudioVersion = 10.0.40219.1
Project("{FAE04EC0-301F-11D3-BF4B-00C04F79EFBC}") = "TeamProjectTest", "TeamProjectTest.csproj", "{800AEE95-D0FD-4A78-A198-ABA968B15CA2}"
EndProject
Global
	GlobalSection(SolutionConfigurationPlatforms) = preSolution
		Debug|Any CPU = Debug|Any CPU
		Release|Any CPU = Release|Any CPU
	EndGlobalSection
	GlobalSection(ProjectConfigurationPlatforms) = postSolution
		{800AEE95-D0FD-4A78-A198-ABA968B15CA2}.Debug|Any CPU.ActiveCfg = Debug|Any CPU
		{800AEE95-D0FD-4A78-A198-ABA968B15CA2}.Debug|Any CPU.Build.0 = Debug|Any CPU
		{800AEE95-D0FD-4A78-A198-ABA968B15CA2}.Release|Any CPU.ActiveCfg = Release|Any CPU
		{800AEE95-D0FD-4A78-A198-ABA968B15CA2}.Release|Any CPU.Build.0 = Release|Any CPU
	EndGlobalSection
	GlobalSection(SolutionProperties) = preSolution
		HideSolutionNode = FALSE
	EndGlobalSection
	GlobalSection(ExtensibilityGlobals) = postSolution
		SolutionGuid = {C2ED2835-552F-4CF3-A65C-6C5622F488F7}
	EndGlobalSection
EndGlobal
